<?xml version="1.0" encoding="utf-8"?>
<Project ToolsVersion="4.0" xmlns="http://schemas.microsoft.com/developer/msbuild/2003">
  <ItemGroup>
    <Filter Include="소스 파일">
      <UniqueIdentifier>{4FC737F1-C7A5-4376-A066-2A32D752A2FF}</UniqueIdentifier>
      <Extensions>cpp;c;cc;cxx;def;odl;idl;hpj;bat;asm;asmx</Extensions>
    </Filter>
    <Filter Include="헤더 파일">
      <UniqueIdentifier>{93995380-89BD-4b04-88EB-625FBE52EBFB}</UniqueIdentifier>
      <Extensions>h;hh;hpp;hxx;hm;inl;inc;xsd</Extensions>
    </Filter>
    <Filter Include="리소스 파일">
      <UniqueIdentifier>{67DA6AB6-F800-4c08-8B7A-83BB121AAD01}</UniqueIdentifier>
      <Extensions>rc;ico;cur;bmp;dlg;rc2;rct;bin;rgs;gif;jpg;jpeg;jpe;resx;tiff;tif;png;wav;mfcribbon-ms</Extensions>
    </Filter>
    <Filter Include="CObj">
      <UniqueIdentifier>{71fea1ec-3757-435d-863d-1237b2d48d9e}</UniqueIdentifier>
    </Filter>
    <Filter Include="Player">
      <UniqueIdentifier>{40aa56ef-bcfd-4f9b-956c-3b4821e3ca0c}</UniqueIdentifier>
    </Filter>
    <Filter Include="Bullet">
      <UniqueIdentifier>{688e1269-4ea1-468b-a83e-b287eeee78c1}</UniqueIdentifier>
    </Filter>
    <Filter Include="ServerManager">
      <UniqueIdentifier>{e929a3aa-6641-45e5-943f-fda7f2a075c0}</UniqueIdentifier>
    </Filter>
    <Filter Include="Enemy">
      <UniqueIdentifier>{c0976345-da5e-44e7-a22f-c477955ee9ab}</UniqueIdentifier>
    </Filter>
    <Filter Include="SoundMgr">
      <UniqueIdentifier>{cd47b9b9-00de-47a1-b4b3-6a5a9f5ce4a8}</UniqueIdentifier>
    </Filter>
  </ItemGroup>
  <ItemGroup>
    <ClCompile Include="main.cpp">
      <Filter>소스 파일</Filter>
    </ClCompile>
    <ClCompile Include="Objects.cpp">
      <Filter>CObj</Filter>
    </ClCompile>
    <ClCompile Include="Player.cpp">
      <Filter>Player</Filter>
    </ClCompile>
    <ClCompile Include="Bullet.cpp">
      <Filter>Bullet</Filter>
    </ClCompile>
    <ClCompile Include="ServerManager.cpp">
      <Filter>ServerManager</Filter>
    </ClCompile>
    <ClCompile Include="Enemy.cpp">
      <Filter>Enemy</Filter>
    </ClCompile>
    <ClCompile Include="SoundMgr.cpp">
      <Filter>SoundMgr</Filter>
    </ClCompile>
  </ItemGroup>
  <ItemGroup>
    <ClInclude Include="Define.h">
      <Filter>헤더 파일</Filter>
    </ClInclude>
    <ClInclude Include="Objects.h">
      <Filter>CObj</Filter>
    </ClInclude>
    <ClInclude Include="Player.h">
      <Filter>Player</Filter>
    </ClInclude>
    <ClInclude Include="Bullet.h">
      <Filter>Bullet</Filter>
    </ClInclude>
    <ClInclude Include="Const.h">
      <Filter>헤더 파일</Filter>
    </ClInclude>
    <ClInclude Include="Struct.h">
      <Filter>헤더 파일</Filter>
    </ClInclude>
    <ClInclude Include="ServerManager.h">
      <Filter>ServerManager</Filter>
    </ClInclude>
    <ClInclude Include="Enemy.h">
      <Filter>Enemy</Filter>
    </ClInclude>
    <ClInclude Include="SoundMgr.h">
      <Filter>SoundMgr</Filter>
    </ClInclude>
    <ClInclude Include="..\ShootingStrike\fmod.h">
      <Filter>헤더 파일</Filter>
    </ClInclude>
    <ClInclude Include="..\ShootingStrike\fmod.hpp">
      <Filter>헤더 파일</Filter>
    </ClInclude>
    <ClInclude Include="..\ShootingStrike\fmod_codec.h">
      <Filter>헤더 파일</Filter>
    </ClInclude>
    <ClInclude Include="..\ShootingStrike\fmod_dsp.h">
      <Filter>헤더 파일</Filter>
    </ClInclude>
    <ClInclude Include="..\ShootingStrike\fmod_errors.h">
      <Filter>헤더 파일</Filter>
    </ClInclude>
    <ClInclude Include="..\ShootingStrike\fmod_memoryinfo.h">
      <Filter>헤더 파일</Filter>
    </ClInclude>
    <ClInclude Include="..\ShootingStrike\fmod_output.h">
      <Filter>헤더 파일</Filter>
    </ClInclude>
  </ItemGroup>
</Project>